
Microsoft Visual Studio Solution File, Format Version 12.00
# Visual Studio Version 16
VisualStudioVersion = 16.0.30717.126
MinimumVisualStudioVersion = 10.0.40219.1
Project("{FAE04EC0-301F-11D3-BF4B-00C04F79EFBC}") = "Kruh", "Kruh\Kruh.csproj", "{09742CAB-902B-40E5-BB6D-52393A9B0A7A}"
EndProject
Global
	GlobalSection(SolutionConfigurationPlatforms) = preSolution
		Debug|Any CPU = Debug|Any CPU
		Release|Any CPU = Release|Any CPU
	EndGlobalSection
	GlobalSection(ProjectConfigurationPlatforms) = postSolution
		{09742CAB-902B-40E5-BB6D-52393A9B0A7A}.Debug|Any CPU.ActiveCfg = Debug|Any CPU
		{09742CAB-902B-40E5-BB6D-52393A9B0A7A}.Debug|Any CPU.Build.0 = Debug|Any CPU
		{09742CAB-902B-40E5-BB6D-52393A9B0A7A}.Release|Any CPU.ActiveCfg = Release|Any CPU
		{09742CAB-902B-40E5-BB6D-52393A9B0A7A}.Release|Any CPU.Build.0 = Release|Any CPU
	EndGlobalSection
	GlobalSection(SolutionProperties) = preSolution
		HideSolutionNode = FALSE
	EndGlobalSection
	GlobalSection(ExtensibilityGlobals) = postSolution
		SolutionGuid = {41151745-827C-4E5D-9A47-0F29F7F14560}
	EndGlobalSection
EndGlobal
